
Microsoft Visual Studio Solution File, Format Version 12.00
# Visual Studio 15
VisualStudioVersion = 15.0.27004.2005
MinimumVisualStudioVersion = 10.0.40219.1
Project("{9A19103F-16F7-4668-BE54-9A1E7A4F7556}") = "JustABackup", "JustABackup\JustABackup.csproj", "{42BFF7FC-4AD2-466B-815F-D146F328FF40}"
EndProject
Project("{9A19103F-16F7-4668-BE54-9A1E7A4F7556}") = "JustABackup.Plugin.FileSystem", "JustABackup.Plugin.FileSystem\JustABackup.Plugin.FileSystem.csproj", "{C485CC28-E7A5-4D17-89B4-A63AFD30A1E7}"
EndProject
Project("{9A19103F-16F7-4668-BE54-9A1E7A4F7556}") = "JustABackup.Base", "JustABackup.Base\JustABackup.Base.csproj", "{F7C78488-3C81-4868-98D8-05D95151D408}"
EndProject
Project("{9A19103F-16F7-4668-BE54-9A1E7A4F7556}") = "JustABackup.Core", "JustABackup.Core\JustABackup.Core.csproj", "{C662C115-CABB-4F58-A0BA-C5CEE69D4C5F}"
EndProject
Project("{9A19103F-16F7-4668-BE54-9A1E7A4F7556}") = "JustABackup.Database", "JustABackup.Database\JustABackup.Database.csproj", "{EDAD1398-3338-462A-A845-7570B84A006A}"
EndProject
Project("{9A19103F-16F7-4668-BE54-9A1E7A4F7556}") = "JustABackup.Plugin.ZipTransformer", "JustABackup.Plugin.ZipTransformer\JustABackup.Plugin.ZipTransformer.csproj", "{801A63A9-E7EB-4DD2-AF97-D408BB4690BE}"
EndProject
Project("{9A19103F-16F7-4668-BE54-9A1E7A4F7556}") = "JustABackup.Plugin.RijndaelEncryptTransformer", "JustABackup.Plugin.RijndaelEncryptTransformer\JustABackup.Plugin.RijndaelEncryptTransformer.csproj", "{7942E937-F73B-4828-BEB7-F9141F9A791C}"
EndProject
Project("{9A19103F-16F7-4668-BE54-9A1E7A4F7556}") = "JustABackup.Plugin.OneDrive", "JustABackup.Plugin.OneDrive\JustABackup.Plugin.OneDrive.csproj", "{9DE019D0-FA38-4B71-8521-48966086377C}"
EndProject
Project("{9A19103F-16F7-4668-BE54-9A1E7A4F7556}") = "JustABackup.Models", "JustABackup.Models\JustABackup.Models.csproj", "{1AE59579-2253-47D8-A23E-0A48D2ECB058}"
EndProject
Project("{9A19103F-16F7-4668-BE54-9A1E7A4F7556}") = "JustABackup.Plugin.MySQL", "JustABackup.Plugin.MySQL\JustABackup.Plugin.MySQL.csproj", "{11F77E6C-64A2-45C2-9ACB-6666F696FF47}"
EndProject
Project("{9A19103F-16F7-4668-BE54-9A1E7A4F7556}") = "JustABackup.Plugin.MSSQL", "JustABackup.Plugin.MSSQL\JustABackup.Plugin.MSSQL.csproj", "{6F781790-CF94-4685-B086-6E4ED8462102}"
EndProject
Project("{FAE04EC0-301F-11D3-BF4B-00C04F79EFBC}") = "JustABackup.Tests", "JustABackup.Tests\JustABackup.Tests.csproj", "{2BA79AC2-B097-40B4-981F-2E4919CDA66B}"
EndProject
Global
	GlobalSection(SolutionConfigurationPlatforms) = preSolution
		Debug|Any CPU = Debug|Any CPU
		Release|Any CPU = Release|Any CPU
	EndGlobalSection
	GlobalSection(ProjectConfigurationPlatforms) = postSolution
		{42BFF7FC-4AD2-466B-815F-D146F328FF40}.Debug|Any CPU.ActiveCfg = Debug|Any CPU
		{42BFF7FC-4AD2-466B-815F-D146F328FF40}.Debug|Any CPU.Build.0 = Debug|Any CPU
		{42BFF7FC-4AD2-466B-815F-D146F328FF40}.Release|Any CPU.ActiveCfg = Release|Any CPU
		{42BFF7FC-4AD2-466B-815F-D146F328FF40}.Release|Any CPU.Build.0 = Release|Any CPU
		{C485CC28-E7A5-4D17-89B4-A63AFD30A1E7}.Debug|Any CPU.ActiveCfg = Debug|Any CPU
		{C485CC28-E7A5-4D17-89B4-A63AFD30A1E7}.Debug|Any CPU.Build.0 = Debug|Any CPU
		{C485CC28-E7A5-4D17-89B4-A63AFD30A1E7}.Release|Any CPU.ActiveCfg = Release|Any CPU
		{C485CC28-E7A5-4D17-89B4-A63AFD30A1E7}.Release|Any CPU.Build.0 = Release|Any CPU
		{F7C78488-3C81-4868-98D8-05D95151D408}.Debug|Any CPU.ActiveCfg = Debug|Any CPU
		{F7C78488-3C81-4868-98D8-05D95151D408}.Debug|Any CPU.Build.0 = Debug|Any CPU
		{F7C78488-3C81-4868-98D8-05D95151D408}.Release|Any CPU.ActiveCfg = Release|Any CPU
		{F7C78488-3C81-4868-98D8-05D95151D408}.Release|Any CPU.Build.0 = Release|Any CPU
		{C662C115-CABB-4F58-A0BA-C5CEE69D4C5F}.Debug|Any CPU.ActiveCfg = Debug|Any CPU
		{C662C115-CABB-4F58-A0BA-C5CEE69D4C5F}.Debug|Any CPU.Build.0 = Debug|Any CPU
		{C662C115-CABB-4F58-A0BA-C5CEE69D4C5F}.Release|Any CPU.ActiveCfg = Release|Any CPU
		{C662C115-CABB-4F58-A0BA-C5CEE69D4C5F}.Release|Any CPU.Build.0 = Release|Any CPU
		{EDAD1398-3338-462A-A845-7570B84A006A}.Debug|Any CPU.ActiveCfg = Debug|Any CPU
		{EDAD1398-3338-462A-A845-7570B84A006A}.Debug|Any CPU.Build.0 = Debug|Any CPU
		{EDAD1398-3338-462A-A845-7570B84A006A}.Release|Any CPU.ActiveCfg = Release|Any CPU
		{EDAD1398-3338-462A-A845-7570B84A006A}.Release|Any CPU.Build.0 = Release|Any CPU
		{801A63A9-E7EB-4DD2-AF97-D408BB4690BE}.Debug|Any CPU.ActiveCfg = Debug|Any CPU
		{801A63A9-E7EB-4DD2-AF97-D408BB4690BE}.Debug|Any CPU.Build.0 = Debug|Any CPU
		{801A63A9-E7EB-4DD2-AF97-D408BB4690BE}.Release|Any CPU.ActiveCfg = Release|Any CPU
		{801A63A9-E7EB-4DD2-AF97-D408BB4690BE}.Release|Any CPU.Build.0 = Release|Any CPU
		{7942E937-F73B-4828-BEB7-F9141F9A791C}.Debug|Any CPU.ActiveCfg = Debug|Any CPU
		{7942E937-F73B-4828-BEB7-F9141F9A791C}.Debug|Any CPU.Build.0 = Debug|Any CPU
		{7942E937-F73B-4828-BEB7-F9141F9A791C}.Release|Any CPU.ActiveCfg = Release|Any CPU
		{7942E937-F73B-4828-BEB7-F9141F9A791C}.Release|Any CPU.Build.0 = Release|Any CPU
		{9DE019D0-FA38-4B71-8521-48966086377C}.Debug|Any CPU.ActiveCfg = Debug|Any CPU
		{9DE019D0-FA38-4B71-8521-48966086377C}.Debug|Any CPU.Build.0 = Debug|Any CPU
		{9DE019D0-FA38-4B71-8521-48966086377C}.Release|Any CPU.ActiveCfg = Release|Any CPU
		{9DE019D0-FA38-4B71-8521-48966086377C}.Release|Any CPU.Build.0 = Release|Any CPU
		{1AE59579-2253-47D8-A23E-0A48D2ECB058}.Debug|Any CPU.ActiveCfg = Debug|Any CPU
		{1AE59579-2253-47D8-A23E-0A48D2ECB058}.Debug|Any CPU.Build.0 = Debug|Any CPU
		{1AE59579-2253-47D8-A23E-0A48D2ECB058}.Release|Any CPU.ActiveCfg = Release|Any CPU
		{1AE59579-2253-47D8-A23E-0A48D2ECB058}.Release|Any CPU.Build.0 = Release|Any CPU
		{11F77E6C-64A2-45C2-9ACB-6666F696FF47}.Debug|Any CPU.ActiveCfg = Debug|Any CPU
		{11F77E6C-64A2-45C2-9ACB-6666F696FF47}.Debug|Any CPU.Build.0 = Debug|Any CPU
		{11F77E6C-64A2-45C2-9ACB-6666F696FF47}.Release|Any CPU.ActiveCfg = Release|Any CPU
		{11F77E6C-64A2-45C2-9ACB-6666F696FF47}.Release|Any CPU.Build.0 = Release|Any CPU
		{6F781790-CF94-4685-B086-6E4ED8462102}.Debug|Any CPU.ActiveCfg = Debug|Any CPU
		{6F781790-CF94-4685-B086-6E4ED8462102}.Debug|Any CPU.Build.0 = Debug|Any CPU
		{6F781790-CF94-4685-B086-6E4ED8462102}.Release|Any CPU.ActiveCfg = Release|Any CPU
		{6F781790-CF94-4685-B086-6E4ED8462102}.Release|Any CPU.Build.0 = Release|Any CPU
		{2BA79AC2-B097-40B4-981F-2E4919CDA66B}.Debug|Any CPU.ActiveCfg = Debug|Any CPU
		{2BA79AC2-B097-40B4-981F-2E4919CDA66B}.Debug|Any CPU.Build.0 = Debug|Any CPU
		{2BA79AC2-B097-40B4-981F-2E4919CDA66B}.Release|Any CPU.ActiveCfg = Release|Any CPU
		{2BA79AC2-B097-40B4-981F-2E4919CDA66B}.Release|Any CPU.Build.0 = Release|Any CPU
	EndGlobalSection
	GlobalSection(SolutionProperties) = preSolution
		HideSolutionNode = FALSE
	EndGlobalSection
	GlobalSection(ExtensibilityGlobals) = postSolution
		SolutionGuid = {1B69C2AE-CAF8-4801-BC08-EF880DE13DDA}
	EndGlobalSection
EndGlobal
