
Microsoft Visual Studio Solution File, Format Version 12.00
# Visual Studio Version 17
VisualStudioVersion = 17.5.33516.290
MinimumVisualStudioVersion = 10.0.40219.1
Project("{9A19103F-16F7-4668-BE54-9A1E7A4F7556}") = "JustABackup.Plugin.FileSystem", "Plugins\JustABackup.Plugin.FileSystem\JustABackup.Plugin.FileSystem.csproj", "{C485CC28-E7A5-4D17-89B4-A63AFD30A1E7}"
EndProject
Project("{9A19103F-16F7-4668-BE54-9A1E7A4F7556}") = "JustABackup.Base", "Core\JustABackup.Base\JustABackup.Base.csproj", "{F7C78488-3C81-4868-98D8-05D95151D408}"
EndProject
Project("{9A19103F-16F7-4668-BE54-9A1E7A4F7556}") = "JustABackup.Core", "Core\JustABackup.Core\JustABackup.Core.csproj", "{C662C115-CABB-4F58-A0BA-C5CEE69D4C5F}"
EndProject
Project("{9A19103F-16F7-4668-BE54-9A1E7A4F7556}") = "JustABackup.Database", "Core\JustABackup.Database\JustABackup.Database.csproj", "{EDAD1398-3338-462A-A845-7570B84A006A}"
EndProject
Project("{9A19103F-16F7-4668-BE54-9A1E7A4F7556}") = "JustABackup.Plugin.ZipTransformer", "Plugins\JustABackup.Plugin.ZipTransformer\JustABackup.Plugin.ZipTransformer.csproj", "{801A63A9-E7EB-4DD2-AF97-D408BB4690BE}"
EndProject
Project("{9A19103F-16F7-4668-BE54-9A1E7A4F7556}") = "JustABackup.Plugin.RijndaelEncryptTransformer", "Plugins\JustABackup.Plugin.RijndaelEncryptTransformer\JustABackup.Plugin.RijndaelEncryptTransformer.csproj", "{7942E937-F73B-4828-BEB7-F9141F9A791C}"
EndProject
Project("{9A19103F-16F7-4668-BE54-9A1E7A4F7556}") = "JustABackup.Plugin.OneDrive", "Plugins\JustABackup.Plugin.OneDrive\JustABackup.Plugin.OneDrive.csproj", "{9DE019D0-FA38-4B71-8521-48966086377C}"
EndProject
Project("{9A19103F-16F7-4668-BE54-9A1E7A4F7556}") = "JustABackup.Models", "Core\JustABackup.Models\JustABackup.Models.csproj", "{1AE59579-2253-47D8-A23E-0A48D2ECB058}"
EndProject
Project("{9A19103F-16F7-4668-BE54-9A1E7A4F7556}") = "JustABackup.Plugin.MySQL", "Plugins\JustABackup.Plugin.MySQL\JustABackup.Plugin.MySQL.csproj", "{11F77E6C-64A2-45C2-9ACB-6666F696FF47}"
EndProject
Project("{9A19103F-16F7-4668-BE54-9A1E7A4F7556}") = "JustABackup.Plugin.MSSQL", "Plugins\JustABackup.Plugin.MSSQL\JustABackup.Plugin.MSSQL.csproj", "{6F781790-CF94-4685-B086-6E4ED8462102}"
EndProject
Project("{9A19103F-16F7-4668-BE54-9A1E7A4F7556}") = "JustABackup.Tests", "Tests\JustABackup.Tests\JustABackup.Tests.csproj", "{2BA79AC2-B097-40B4-981F-2E4919CDA66B}"
EndProject
Project("{2150E333-8FDC-42A3-9474-1A3956D46DE8}") = "Plugins", "Plugins", "{6CFDD6E6-2BC3-46CF-8A38-D4C524C6F89B}"
EndProject
Project("{2150E333-8FDC-42A3-9474-1A3956D46DE8}") = "Tests", "Tests", "{559D945A-A00C-4EBA-BBA2-17D80507B490}"
EndProject
Project("{2150E333-8FDC-42A3-9474-1A3956D46DE8}") = "Core", "Core", "{2C534165-8865-416F-9BEB-D467678F8161}"
EndProject
Project("{9A19103F-16F7-4668-BE54-9A1E7A4F7556}") = "JustABackup", "Core\JustABackup\JustABackup.csproj", "{A270AEA7-BBBC-410A-8F22-CF8EB6B2DFE3}"
EndProject
Project("{9A19103F-16F7-4668-BE54-9A1E7A4F7556}") = "JustABackup.Database.SQLite", "Core\JustABackup.Database.SQLite\JustABackup.Database.SQLite.csproj", "{A7ACC1D0-244E-4883-BBC9-7A2F2EF3D02F}"
EndProject
Project("{9A19103F-16F7-4668-BE54-9A1E7A4F7556}") = "JustABackup.Database.Repositories", "JustABackup.Database.Repositories\JustABackup.Database.Repositories.csproj", "{7D7F1BD0-5082-48ED-A6B0-83D247B04EF7}"
EndProject
Project("{FAE04EC0-301F-11D3-BF4B-00C04F79EFBC}") = "JustABackup.Services", "JustABackup.Services\JustABackup.Services.csproj", "{93AC58EE-822F-4B9A-81E0-1F4CC64F46DE}"
EndProject
Global
	GlobalSection(SolutionConfigurationPlatforms) = preSolution
		Debug|Any CPU = Debug|Any CPU
		Release|Any CPU = Release|Any CPU
	EndGlobalSection
	GlobalSection(ProjectConfigurationPlatforms) = postSolution
		{C485CC28-E7A5-4D17-89B4-A63AFD30A1E7}.Debug|Any CPU.ActiveCfg = Debug|Any CPU
		{C485CC28-E7A5-4D17-89B4-A63AFD30A1E7}.Debug|Any CPU.Build.0 = Debug|Any CPU
		{C485CC28-E7A5-4D17-89B4-A63AFD30A1E7}.Release|Any CPU.ActiveCfg = Release|Any CPU
		{C485CC28-E7A5-4D17-89B4-A63AFD30A1E7}.Release|Any CPU.Build.0 = Release|Any CPU
		{F7C78488-3C81-4868-98D8-05D95151D408}.Debug|Any CPU.ActiveCfg = Debug|Any CPU
		{F7C78488-3C81-4868-98D8-05D95151D408}.Debug|Any CPU.Build.0 = Debug|Any CPU
		{F7C78488-3C81-4868-98D8-05D95151D408}.Release|Any CPU.ActiveCfg = Release|Any CPU
		{F7C78488-3C81-4868-98D8-05D95151D408}.Release|Any CPU.Build.0 = Release|Any CPU
		{C662C115-CABB-4F58-A0BA-C5CEE69D4C5F}.Debug|Any CPU.ActiveCfg = Debug|Any CPU
		{C662C115-CABB-4F58-A0BA-C5CEE69D4C5F}.Debug|Any CPU.Build.0 = Debug|Any CPU
		{C662C115-CABB-4F58-A0BA-C5CEE69D4C5F}.Release|Any CPU.ActiveCfg = Release|Any CPU
		{C662C115-CABB-4F58-A0BA-C5CEE69D4C5F}.Release|Any CPU.Build.0 = Release|Any CPU
		{EDAD1398-3338-462A-A845-7570B84A006A}.Debug|Any CPU.ActiveCfg = Debug|Any CPU
		{EDAD1398-3338-462A-A845-7570B84A006A}.Debug|Any CPU.Build.0 = Debug|Any CPU
		{EDAD1398-3338-462A-A845-7570B84A006A}.Release|Any CPU.ActiveCfg = Release|Any CPU
		{EDAD1398-3338-462A-A845-7570B84A006A}.Release|Any CPU.Build.0 = Release|Any CPU
		{801A63A9-E7EB-4DD2-AF97-D408BB4690BE}.Debug|Any CPU.ActiveCfg = Debug|Any CPU
		{801A63A9-E7EB-4DD2-AF97-D408BB4690BE}.Debug|Any CPU.Build.0 = Debug|Any CPU
		{801A63A9-E7EB-4DD2-AF97-D408BB4690BE}.Release|Any CPU.ActiveCfg = Release|Any CPU
		{801A63A9-E7EB-4DD2-AF97-D408BB4690BE}.Release|Any CPU.Build.0 = Release|Any CPU
		{7942E937-F73B-4828-BEB7-F9141F9A791C}.Debug|Any CPU.ActiveCfg = Debug|Any CPU
		{7942E937-F73B-4828-BEB7-F9141F9A791C}.Debug|Any CPU.Build.0 = Debug|Any CPU
		{7942E937-F73B-4828-BEB7-F9141F9A791C}.Release|Any CPU.ActiveCfg = Release|Any CPU
		{7942E937-F73B-4828-BEB7-F9141F9A791C}.Release|Any CPU.Build.0 = Release|Any CPU
		{9DE019D0-FA38-4B71-8521-48966086377C}.Debug|Any CPU.ActiveCfg = Debug|Any CPU
		{9DE019D0-FA38-4B71-8521-48966086377C}.Debug|Any CPU.Build.0 = Debug|Any CPU
		{9DE019D0-FA38-4B71-8521-48966086377C}.Release|Any CPU.ActiveCfg = Release|Any CPU
		{9DE019D0-FA38-4B71-8521-48966086377C}.Release|Any CPU.Build.0 = Release|Any CPU
		{1AE59579-2253-47D8-A23E-0A48D2ECB058}.Debug|Any CPU.ActiveCfg = Debug|Any CPU
		{1AE59579-2253-47D8-A23E-0A48D2ECB058}.Debug|Any CPU.Build.0 = Debug|Any CPU
		{1AE59579-2253-47D8-A23E-0A48D2ECB058}.Release|Any CPU.ActiveCfg = Release|Any CPU
		{1AE59579-2253-47D8-A23E-0A48D2ECB058}.Release|Any CPU.Build.0 = Release|Any CPU
		{11F77E6C-64A2-45C2-9ACB-6666F696FF47}.Debug|Any CPU.ActiveCfg = Debug|Any CPU
		{11F77E6C-64A2-45C2-9ACB-6666F696FF47}.Debug|Any CPU.Build.0 = Debug|Any CPU
		{11F77E6C-64A2-45C2-9ACB-6666F696FF47}.Release|Any CPU.ActiveCfg = Release|Any CPU
		{11F77E6C-64A2-45C2-9ACB-6666F696FF47}.Release|Any CPU.Build.0 = Release|Any CPU
		{6F781790-CF94-4685-B086-6E4ED8462102}.Debug|Any CPU.ActiveCfg = Debug|Any CPU
		{6F781790-CF94-4685-B086-6E4ED8462102}.Debug|Any CPU.Build.0 = Debug|Any CPU
		{6F781790-CF94-4685-B086-6E4ED8462102}.Release|Any CPU.ActiveCfg = Release|Any CPU
		{6F781790-CF94-4685-B086-6E4ED8462102}.Release|Any CPU.Build.0 = Release|Any CPU
		{2BA79AC2-B097-40B4-981F-2E4919CDA66B}.Debug|Any CPU.ActiveCfg = Debug|Any CPU
		{2BA79AC2-B097-40B4-981F-2E4919CDA66B}.Debug|Any CPU.Build.0 = Debug|Any CPU
		{2BA79AC2-B097-40B4-981F-2E4919CDA66B}.Release|Any CPU.ActiveCfg = Release|Any CPU
		{2BA79AC2-B097-40B4-981F-2E4919CDA66B}.Release|Any CPU.Build.0 = Release|Any CPU
		{A270AEA7-BBBC-410A-8F22-CF8EB6B2DFE3}.Debug|Any CPU.ActiveCfg = Debug|Any CPU
		{A270AEA7-BBBC-410A-8F22-CF8EB6B2DFE3}.Debug|Any CPU.Build.0 = Debug|Any CPU
		{A270AEA7-BBBC-410A-8F22-CF8EB6B2DFE3}.Release|Any CPU.ActiveCfg = Release|Any CPU
		{A270AEA7-BBBC-410A-8F22-CF8EB6B2DFE3}.Release|Any CPU.Build.0 = Release|Any CPU
		{A7ACC1D0-244E-4883-BBC9-7A2F2EF3D02F}.Debug|Any CPU.ActiveCfg = Debug|Any CPU
		{A7ACC1D0-244E-4883-BBC9-7A2F2EF3D02F}.Debug|Any CPU.Build.0 = Debug|Any CPU
		{A7ACC1D0-244E-4883-BBC9-7A2F2EF3D02F}.Release|Any CPU.ActiveCfg = Release|Any CPU
		{A7ACC1D0-244E-4883-BBC9-7A2F2EF3D02F}.Release|Any CPU.Build.0 = Release|Any CPU
		{7D7F1BD0-5082-48ED-A6B0-83D247B04EF7}.Debug|Any CPU.ActiveCfg = Debug|Any CPU
		{7D7F1BD0-5082-48ED-A6B0-83D247B04EF7}.Debug|Any CPU.Build.0 = Debug|Any CPU
		{7D7F1BD0-5082-48ED-A6B0-83D247B04EF7}.Release|Any CPU.ActiveCfg = Release|Any CPU
		{7D7F1BD0-5082-48ED-A6B0-83D247B04EF7}.Release|Any CPU.Build.0 = Release|Any CPU
		{93AC58EE-822F-4B9A-81E0-1F4CC64F46DE}.Debug|Any CPU.ActiveCfg = Debug|Any CPU
		{93AC58EE-822F-4B9A-81E0-1F4CC64F46DE}.Debug|Any CPU.Build.0 = Debug|Any CPU
		{93AC58EE-822F-4B9A-81E0-1F4CC64F46DE}.Release|Any CPU.ActiveCfg = Release|Any CPU
		{93AC58EE-822F-4B9A-81E0-1F4CC64F46DE}.Release|Any CPU.Build.0 = Release|Any CPU
	EndGlobalSection
	GlobalSection(SolutionProperties) = preSolution
		HideSolutionNode = FALSE
	EndGlobalSection
	GlobalSection(NestedProjects) = preSolution
		{C485CC28-E7A5-4D17-89B4-A63AFD30A1E7} = {6CFDD6E6-2BC3-46CF-8A38-D4C524C6F89B}
		{F7C78488-3C81-4868-98D8-05D95151D408} = {2C534165-8865-416F-9BEB-D467678F8161}
		{C662C115-CABB-4F58-A0BA-C5CEE69D4C5F} = {2C534165-8865-416F-9BEB-D467678F8161}
		{EDAD1398-3338-462A-A845-7570B84A006A} = {2C534165-8865-416F-9BEB-D467678F8161}
		{801A63A9-E7EB-4DD2-AF97-D408BB4690BE} = {6CFDD6E6-2BC3-46CF-8A38-D4C524C6F89B}
		{7942E937-F73B-4828-BEB7-F9141F9A791C} = {6CFDD6E6-2BC3-46CF-8A38-D4C524C6F89B}
		{9DE019D0-FA38-4B71-8521-48966086377C} = {6CFDD6E6-2BC3-46CF-8A38-D4C524C6F89B}
		{1AE59579-2253-47D8-A23E-0A48D2ECB058} = {2C534165-8865-416F-9BEB-D467678F8161}
		{11F77E6C-64A2-45C2-9ACB-6666F696FF47} = {6CFDD6E6-2BC3-46CF-8A38-D4C524C6F89B}
		{6F781790-CF94-4685-B086-6E4ED8462102} = {6CFDD6E6-2BC3-46CF-8A38-D4C524C6F89B}
		{2BA79AC2-B097-40B4-981F-2E4919CDA66B} = {559D945A-A00C-4EBA-BBA2-17D80507B490}
		{A7ACC1D0-244E-4883-BBC9-7A2F2EF3D02F} = {2C534165-8865-416F-9BEB-D467678F8161}
		{7D7F1BD0-5082-48ED-A6B0-83D247B04EF7} = {2C534165-8865-416F-9BEB-D467678F8161}
		{93AC58EE-822F-4B9A-81E0-1F4CC64F46DE} = {2C534165-8865-416F-9BEB-D467678F8161}
	EndGlobalSection
	GlobalSection(ExtensibilityGlobals) = postSolution
		SolutionGuid = {1B69C2AE-CAF8-4801-BC08-EF880DE13DDA}
	EndGlobalSection
EndGlobal
